
Microsoft Visual Studio Solution File, Format Version 12.00
# Visual Studio Version 17
VisualStudioVersion = 17.0.31903.59
MinimumVisualStudioVersion = 10.0.40219.1
Project("{2150E333-8FDC-42A3-9474-1A3956D46DE8}") = "src", "src", "{827E0CD3-B72D-47B6-A68D-7590B98EB39B}"
EndProject
Project("{FAE04EC0-301F-11D3-BF4B-00C04F79EFBC}") = "Scorpio.AspectCore", "src\Scorpio.AspectCore\Scorpio.AspectCore.csproj", "{7DA5D7A1-5B6A-48A9-AD48-C41A6BE22E07}"
EndProject
Project("{FAE04EC0-301F-11D3-BF4B-00C04F79EFBC}") = "Scorpio.Castle.Core", "src\Scorpio.Castle.Core\Scorpio.Castle.Core.csproj", "{C9B0DE42-366A-43F6-AC46-3BE408ABB4B5}"
EndProject
Project("{2150E333-8FDC-42A3-9474-1A3956D46DE8}") = "test", "test", "{0C88DD14-F956-CE84-757C-A364CCF449FC}"
EndProject
Project("{FAE04EC0-301F-11D3-BF4B-00C04F79EFBC}") = "Scorpio.Aspect.TestBase", "test\Scorpio.Aspect.TestBase\Scorpio.Aspect.TestBase.csproj", "{20B6F425-249D-4F8D-A424-88B166566743}"
EndProject
Project("{FAE04EC0-301F-11D3-BF4B-00C04F79EFBC}") = "Scorpio.AspectCore.Tests", "test\Scorpio.AspectCore.Tests\Scorpio.AspectCore.Tests.csproj", "{A5884FF1-E6F4-4C6A-A299-9A518F35DF7C}"
EndProject
Project("{FAE04EC0-301F-11D3-BF4B-00C04F79EFBC}") = "Scorpio.Autofac", "src\Scorpio.Autofac\Scorpio.Autofac.csproj", "{938EA9FB-1D03-4F30-A91B-BC9EDDEE9F6A}"
EndProject
Project("{FAE04EC0-301F-11D3-BF4B-00C04F79EFBC}") = "Scorpio.Autofac.Tests", "test\Scorpio.Autofac.Tests\Scorpio.Autofac.Tests.csproj", "{3F6FF610-869F-475B-8F1F-504C9D597EE6}"
EndProject
Global
	GlobalSection(SolutionConfigurationPlatforms) = preSolution
		Debug|Any CPU = Debug|Any CPU
		Debug|x64 = Debug|x64
		Debug|x86 = Debug|x86
		Release|Any CPU = Release|Any CPU
		Release|x64 = Release|x64
		Release|x86 = Release|x86
	EndGlobalSection
	GlobalSection(ProjectConfigurationPlatforms) = postSolution
		{7DA5D7A1-5B6A-48A9-AD48-C41A6BE22E07}.Debug|Any CPU.ActiveCfg = Debug|Any CPU
		{7DA5D7A1-5B6A-48A9-AD48-C41A6BE22E07}.Debug|Any CPU.Build.0 = Debug|Any CPU
		{7DA5D7A1-5B6A-48A9-AD48-C41A6BE22E07}.Debug|x64.ActiveCfg = Debug|Any CPU
		{7DA5D7A1-5B6A-48A9-AD48-C41A6BE22E07}.Debug|x64.Build.0 = Debug|Any CPU
		{7DA5D7A1-5B6A-48A9-AD48-C41A6BE22E07}.Debug|x86.ActiveCfg = Debug|Any CPU
		{7DA5D7A1-5B6A-48A9-AD48-C41A6BE22E07}.Debug|x86.Build.0 = Debug|Any CPU
		{7DA5D7A1-5B6A-48A9-AD48-C41A6BE22E07}.Release|Any CPU.ActiveCfg = Release|Any CPU
		{7DA5D7A1-5B6A-48A9-AD48-C41A6BE22E07}.Release|Any CPU.Build.0 = Release|Any CPU
		{7DA5D7A1-5B6A-48A9-AD48-C41A6BE22E07}.Release|x64.ActiveCfg = Release|Any CPU
		{7DA5D7A1-5B6A-48A9-AD48-C41A6BE22E07}.Release|x64.Build.0 = Release|Any CPU
		{7DA5D7A1-5B6A-48A9-AD48-C41A6BE22E07}.Release|x86.ActiveCfg = Release|Any CPU
		{7DA5D7A1-5B6A-48A9-AD48-C41A6BE22E07}.Release|x86.Build.0 = Release|Any CPU
		{C9B0DE42-366A-43F6-AC46-3BE408ABB4B5}.Debug|Any CPU.ActiveCfg = Debug|Any CPU
		{C9B0DE42-366A-43F6-AC46-3BE408ABB4B5}.Debug|Any CPU.Build.0 = Debug|Any CPU
		{C9B0DE42-366A-43F6-AC46-3BE408ABB4B5}.Debug|x64.ActiveCfg = Debug|Any CPU
		{C9B0DE42-366A-43F6-AC46-3BE408ABB4B5}.Debug|x64.Build.0 = Debug|Any CPU
		{C9B0DE42-366A-43F6-AC46-3BE408ABB4B5}.Debug|x86.ActiveCfg = Debug|Any CPU
		{C9B0DE42-366A-43F6-AC46-3BE408ABB4B5}.Debug|x86.Build.0 = Debug|Any CPU
		{C9B0DE42-366A-43F6-AC46-3BE408ABB4B5}.Release|Any CPU.ActiveCfg = Release|Any CPU
		{C9B0DE42-366A-43F6-AC46-3BE408ABB4B5}.Release|Any CPU.Build.0 = Release|Any CPU
		{C9B0DE42-366A-43F6-AC46-3BE408ABB4B5}.Release|x64.ActiveCfg = Release|Any CPU
		{C9B0DE42-366A-43F6-AC46-3BE408ABB4B5}.Release|x64.Build.0 = Release|Any CPU
		{C9B0DE42-366A-43F6-AC46-3BE408ABB4B5}.Release|x86.ActiveCfg = Release|Any CPU
		{C9B0DE42-366A-43F6-AC46-3BE408ABB4B5}.Release|x86.Build.0 = Release|Any CPU
		{20B6F425-249D-4F8D-A424-88B166566743}.Debug|Any CPU.ActiveCfg = Debug|Any CPU
		{20B6F425-249D-4F8D-A424-88B166566743}.Debug|Any CPU.Build.0 = Debug|Any CPU
		{20B6F425-249D-4F8D-A424-88B166566743}.Debug|x64.ActiveCfg = Debug|Any CPU
		{20B6F425-249D-4F8D-A424-88B166566743}.Debug|x64.Build.0 = Debug|Any CPU
		{20B6F425-249D-4F8D-A424-88B166566743}.Debug|x86.ActiveCfg = Debug|Any CPU
		{20B6F425-249D-4F8D-A424-88B166566743}.Debug|x86.Build.0 = Debug|Any CPU
		{20B6F425-249D-4F8D-A424-88B166566743}.Release|Any CPU.ActiveCfg = Release|Any CPU
		{20B6F425-249D-4F8D-A424-88B166566743}.Release|Any CPU.Build.0 = Release|Any CPU
		{20B6F425-249D-4F8D-A424-88B166566743}.Release|x64.ActiveCfg = Release|Any CPU
		{20B6F425-249D-4F8D-A424-88B166566743}.Release|x64.Build.0 = Release|Any CPU
		{20B6F425-249D-4F8D-A424-88B166566743}.Release|x86.ActiveCfg = Release|Any CPU
		{20B6F425-249D-4F8D-A424-88B166566743}.Release|x86.Build.0 = Release|Any CPU
		{A5884FF1-E6F4-4C6A-A299-9A518F35DF7C}.Debug|Any CPU.ActiveCfg = Debug|Any CPU
		{A5884FF1-E6F4-4C6A-A299-9A518F35DF7C}.Debug|Any CPU.Build.0 = Debug|Any CPU
		{A5884FF1-E6F4-4C6A-A299-9A518F35DF7C}.Debug|x64.ActiveCfg = Debug|Any CPU
		{A5884FF1-E6F4-4C6A-A299-9A518F35DF7C}.Debug|x64.Build.0 = Debug|Any CPU
		{A5884FF1-E6F4-4C6A-A299-9A518F35DF7C}.Debug|x86.ActiveCfg = Debug|Any CPU
		{A5884FF1-E6F4-4C6A-A299-9A518F35DF7C}.Debug|x86.Build.0 = Debug|Any CPU
		{A5884FF1-E6F4-4C6A-A299-9A518F35DF7C}.Release|Any CPU.ActiveCfg = Release|Any CPU
		{A5884FF1-E6F4-4C6A-A299-9A518F35DF7C}.Release|Any CPU.Build.0 = Release|Any CPU
		{A5884FF1-E6F4-4C6A-A299-9A518F35DF7C}.Release|x64.ActiveCfg = Release|Any CPU
		{A5884FF1-E6F4-4C6A-A299-9A518F35DF7C}.Release|x64.Build.0 = Release|Any CPU
		{A5884FF1-E6F4-4C6A-A299-9A518F35DF7C}.Release|x86.ActiveCfg = Release|Any CPU
		{A5884FF1-E6F4-4C6A-A299-9A518F35DF7C}.Release|x86.Build.0 = Release|Any CPU
		{938EA9FB-1D03-4F30-A91B-BC9EDDEE9F6A}.Debug|Any CPU.ActiveCfg = Debug|Any CPU
		{938EA9FB-1D03-4F30-A91B-BC9EDDEE9F6A}.Debug|Any CPU.Build.0 = Debug|Any CPU
		{938EA9FB-1D03-4F30-A91B-BC9EDDEE9F6A}.Debug|x64.ActiveCfg = Debug|Any CPU
		{938EA9FB-1D03-4F30-A91B-BC9EDDEE9F6A}.Debug|x64.Build.0 = Debug|Any CPU
		{938EA9FB-1D03-4F30-A91B-BC9EDDEE9F6A}.Debug|x86.ActiveCfg = Debug|Any CPU
		{938EA9FB-1D03-4F30-A91B-BC9EDDEE9F6A}.Debug|x86.Build.0 = Debug|Any CPU
		{938EA9FB-1D03-4F30-A91B-BC9EDDEE9F6A}.Release|Any CPU.ActiveCfg = Release|Any CPU
		{938EA9FB-1D03-4F30-A91B-BC9EDDEE9F6A}.Release|Any CPU.Build.0 = Release|Any CPU
		{938EA9FB-1D03-4F30-A91B-BC9EDDEE9F6A}.Release|x64.ActiveCfg = Release|Any CPU
		{938EA9FB-1D03-4F30-A91B-BC9EDDEE9F6A}.Release|x64.Build.0 = Release|Any CPU
		{938EA9FB-1D03-4F30-A91B-BC9EDDEE9F6A}.Release|x86.ActiveCfg = Release|Any CPU
		{938EA9FB-1D03-4F30-A91B-BC9EDDEE9F6A}.Release|x86.Build.0 = Release|Any CPU
		{3F6FF610-869F-475B-8F1F-504C9D597EE6}.Debug|Any CPU.ActiveCfg = Debug|Any CPU
		{3F6FF610-869F-475B-8F1F-504C9D597EE6}.Debug|Any CPU.Build.0 = Debug|Any CPU
		{3F6FF610-869F-475B-8F1F-504C9D597EE6}.Debug|x64.ActiveCfg = Debug|Any CPU
		{3F6FF610-869F-475B-8F1F-504C9D597EE6}.Debug|x64.Build.0 = Debug|Any CPU
		{3F6FF610-869F-475B-8F1F-504C9D597EE6}.Debug|x86.ActiveCfg = Debug|Any CPU
		{3F6FF610-869F-475B-8F1F-504C9D597EE6}.Debug|x86.Build.0 = Debug|Any CPU
		{3F6FF610-869F-475B-8F1F-504C9D597EE6}.Release|Any CPU.ActiveCfg = Release|Any CPU
		{3F6FF610-869F-475B-8F1F-504C9D597EE6}.Release|Any CPU.Build.0 = Release|Any CPU
		{3F6FF610-869F-475B-8F1F-504C9D597EE6}.Release|x64.ActiveCfg = Release|Any CPU
		{3F6FF610-869F-475B-8F1F-504C9D597EE6}.Release|x64.Build.0 = Release|Any CPU
		{3F6FF610-869F-475B-8F1F-504C9D597EE6}.Release|x86.ActiveCfg = Release|Any CPU
		{3F6FF610-869F-475B-8F1F-504C9D597EE6}.Release|x86.Build.0 = Release|Any CPU
	EndGlobalSection
	GlobalSection(SolutionProperties) = preSolution
		HideSolutionNode = FALSE
	EndGlobalSection
	GlobalSection(NestedProjects) = preSolution
		{7DA5D7A1-5B6A-48A9-AD48-C41A6BE22E07} = {827E0CD3-B72D-47B6-A68D-7590B98EB39B}
		{C9B0DE42-366A-43F6-AC46-3BE408ABB4B5} = {827E0CD3-B72D-47B6-A68D-7590B98EB39B}
		{20B6F425-249D-4F8D-A424-88B166566743} = {0C88DD14-F956-CE84-757C-A364CCF449FC}
		{A5884FF1-E6F4-4C6A-A299-9A518F35DF7C} = {0C88DD14-F956-CE84-757C-A364CCF449FC}
		{938EA9FB-1D03-4F30-A91B-BC9EDDEE9F6A} = {827E0CD3-B72D-47B6-A68D-7590B98EB39B}
		{3F6FF610-869F-475B-8F1F-504C9D597EE6} = {0C88DD14-F956-CE84-757C-A364CCF449FC}
	EndGlobalSection
EndGlobal
